
Microsoft Visual Studio Solution File, Format Version 12.00
# Visual Studio Version 17
VisualStudioVersion = 17.11.35222.181
MinimumVisualStudioVersion = 10.0.40219.1
Project("{2150E333-8FDC-42A3-9474-1A3956D46DE8}") = "Task0", "Task0", "{412CB484-E6C6-49CC-B95C-833092340113}"
EndProject
Project("{FAE04EC0-301F-11D3-BF4B-00C04F79EFBC}") = "Tyuiu.DolganovAA.Sprint5.Task0.V9.Test", "Tyuiu.DolganovAA.Sprint5.Task0.V9.Test\Tyuiu.DolganovAA.Sprint5.Task0.V9.Test.csproj", "{360C44E7-3EB8-410D-A4D0-30491D2F9984}"
EndProject
Project("{FAE04EC0-301F-11D3-BF4B-00C04F79EFBC}") = "Tyuiu.DolganovAA.Sprint5.Task0.V9", "Tyuiu.DolganovAA.Sprint5.Task0.V9\Tyuiu.DolganovAA.Sprint5.Task0.V9.csproj", "{9AB18D74-29AC-4B81-9324-3A4BC115B023}"
EndProject
Project("{FAE04EC0-301F-11D3-BF4B-00C04F79EFBC}") = "Tyuiu.DolganovAA.Sprint5.Task0.V9.Lib", "Tyuiu.DolganovAA.Sprint5.Task0.V9.Lib\Tyuiu.DolganovAA.Sprint5.Task0.V9.Lib.csproj", "{15027BF9-4996-4795-8EFD-7BDA4CAF523B}"
EndProject
Project("{2150E333-8FDC-42A3-9474-1A3956D46DE8}") = "Task1", "Task1", "{0AAB30CE-175C-4E26-8BCF-6A65DD9ED72B}"
EndProject
Project("{FAE04EC0-301F-11D3-BF4B-00C04F79EFBC}") = "Tyuiu.DolganovAA.Sprint5.Task1.V2.Test", "Tyuiu.DolganovAA.Sprint5.Task1.V2.Test\Tyuiu.DolganovAA.Sprint5.Task1.V2.Test.csproj", "{2A6CE0E2-CBC0-4B1E-825F-1F32BE6B4E89}"
EndProject
Project("{FAE04EC0-301F-11D3-BF4B-00C04F79EFBC}") = "Tyuiu.DolganovAA.Sprint5.Task1.V2", "Tyuiu.DolganovAA.Sprint5.Task1.V2\Tyuiu.DolganovAA.Sprint5.Task1.V2.csproj", "{C11F476B-0436-4946-8D68-48B1BE20E670}"
EndProject
Project("{FAE04EC0-301F-11D3-BF4B-00C04F79EFBC}") = "Tyuiu.DolganovAA.Sprint5.Task1.V2.Lib", "Tyuiu.DolganovAA.Sprint5.Task1.V2.Lib\Tyuiu.DolganovAA.Sprint5.Task1.V2.Lib.csproj", "{0400590A-4130-49CB-999A-5C4F664E6C59}"
EndProject
Project("{2150E333-8FDC-42A3-9474-1A3956D46DE8}") = "Task2", "Task2", "{575BECB7-379C-4F62-9A57-33645940864D}"
EndProject
Project("{FAE04EC0-301F-11D3-BF4B-00C04F79EFBC}") = "Tyuiu.DolganovAA.Sprint5.Task2.V26.Lib", "Tyuiu.DolganovAA.Sprint5.Task2.V26.Lib\Tyuiu.DolganovAA.Sprint5.Task2.V26.Lib.csproj", "{55B5D407-99F0-490F-88B9-6343A8045F36}"
EndProject
Project("{FAE04EC0-301F-11D3-BF4B-00C04F79EFBC}") = "Tyuiu.DolganovAA.Sprint5.Task2.V26", "Tyuiu.DolganovAA.Sprint5.Task2.V26\Tyuiu.DolganovAA.Sprint5.Task2.V26.csproj", "{8590507D-77AE-4F0D-A164-A1D9A44823C2}"
EndProject
Project("{FAE04EC0-301F-11D3-BF4B-00C04F79EFBC}") = "Tyuiu.DolganovAA.Sprint5.Task2.V26.Test", "Tyuiu.DolganovAA.Sprint5.Task2.V26.Test\Tyuiu.DolganovAA.Sprint5.Task2.V26.Test.csproj", "{B2ECF48F-E43F-4333-9EE0-9BC67B2D3265}"
EndProject
Project("{2150E333-8FDC-42A3-9474-1A3956D46DE8}") = "Task3", "Task3", "{C5EBF5A5-8054-4A68-B405-62B4E2AB05E3}"
EndProject
Project("{FAE04EC0-301F-11D3-BF4B-00C04F79EFBC}") = "Tyuiu.DolganovAA.Sprint5.Task3.V5.Test", "Tyuiu.DolganovAA.Sprint5.Task3.V5.Test\Tyuiu.DolganovAA.Sprint5.Task3.V5.Test.csproj", "{01E3B96B-FBF2-40B3-8BF6-B2C63D004A62}"
EndProject
Project("{FAE04EC0-301F-11D3-BF4B-00C04F79EFBC}") = "Tyuiu.DolganovAA.Sprint5.Task3.V5", "Tyuiu.DolganovAA.Sprint5.Task3.V5\Tyuiu.DolganovAA.Sprint5.Task3.V5.csproj", "{E4FE0730-5953-47AB-B6A2-CD9CC89DEACC}"
EndProject
Project("{FAE04EC0-301F-11D3-BF4B-00C04F79EFBC}") = "Tyuiu.DolganovAA.Sprint5.Task3.V5.Lib", "Tyuiu.DolganovAA.Sprint5.Task3.V5.Lib\Tyuiu.DolganovAA.Sprint5.Task3.V5.Lib.csproj", "{24CDDE4A-21B0-4868-AD2C-E87ED7BD7EF6}"
EndProject
Project("{2150E333-8FDC-42A3-9474-1A3956D46DE8}") = "Task4", "Task4", "{604C18C7-8801-473E-A592-4A4BF2012261}"
EndProject
Project("{FAE04EC0-301F-11D3-BF4B-00C04F79EFBC}") = "Tyuiu.DolganovAA.Sprint5.Task4.V17.Lib", "Tyuiu.DolganovAA.Sprint5.Task4.V17.Lib\Tyuiu.DolganovAA.Sprint5.Task4.V17.Lib.csproj", "{EBCF3701-4ED6-4237-BCCB-D5A97CC11372}"
EndProject
Project("{FAE04EC0-301F-11D3-BF4B-00C04F79EFBC}") = "Tyuiu.DolganovAA.Sprint5.Task4.V17", "Tyuiu.DolganovAA.Sprint5.Task4.V17\Tyuiu.DolganovAA.Sprint5.Task4.V17.csproj", "{D143C95F-E8B5-4CE3-8E31-4A97D3BD8514}"
EndProject
Project("{FAE04EC0-301F-11D3-BF4B-00C04F79EFBC}") = "Tyuiu.DolganovAA.Sprint5.Task4.V17.Test", "Tyuiu.DolganovAA.Sprint5.Task4.V17.Test\Tyuiu.DolganovAA.Sprint5.Task4.V17.Test.csproj", "{7CB2EB15-BC6B-4FB8-99D6-0B74531E1F74}"
EndProject
Global
	GlobalSection(SolutionConfigurationPlatforms) = preSolution
		Debug|Any CPU = Debug|Any CPU
		Release|Any CPU = Release|Any CPU
	EndGlobalSection
	GlobalSection(ProjectConfigurationPlatforms) = postSolution
		{360C44E7-3EB8-410D-A4D0-30491D2F9984}.Debug|Any CPU.ActiveCfg = Debug|Any CPU
		{360C44E7-3EB8-410D-A4D0-30491D2F9984}.Debug|Any CPU.Build.0 = Debug|Any CPU
		{360C44E7-3EB8-410D-A4D0-30491D2F9984}.Release|Any CPU.ActiveCfg = Release|Any CPU
		{360C44E7-3EB8-410D-A4D0-30491D2F9984}.Release|Any CPU.Build.0 = Release|Any CPU
		{9AB18D74-29AC-4B81-9324-3A4BC115B023}.Debug|Any CPU.ActiveCfg = Debug|Any CPU
		{9AB18D74-29AC-4B81-9324-3A4BC115B023}.Debug|Any CPU.Build.0 = Debug|Any CPU
		{9AB18D74-29AC-4B81-9324-3A4BC115B023}.Release|Any CPU.ActiveCfg = Release|Any CPU
		{9AB18D74-29AC-4B81-9324-3A4BC115B023}.Release|Any CPU.Build.0 = Release|Any CPU
		{15027BF9-4996-4795-8EFD-7BDA4CAF523B}.Debug|Any CPU.ActiveCfg = Debug|Any CPU
		{15027BF9-4996-4795-8EFD-7BDA4CAF523B}.Debug|Any CPU.Build.0 = Debug|Any CPU
		{15027BF9-4996-4795-8EFD-7BDA4CAF523B}.Release|Any CPU.ActiveCfg = Release|Any CPU
		{15027BF9-4996-4795-8EFD-7BDA4CAF523B}.Release|Any CPU.Build.0 = Release|Any CPU
		{2A6CE0E2-CBC0-4B1E-825F-1F32BE6B4E89}.Debug|Any CPU.ActiveCfg = Debug|Any CPU
		{2A6CE0E2-CBC0-4B1E-825F-1F32BE6B4E89}.Debug|Any CPU.Build.0 = Debug|Any CPU
		{2A6CE0E2-CBC0-4B1E-825F-1F32BE6B4E89}.Release|Any CPU.ActiveCfg = Release|Any CPU
		{2A6CE0E2-CBC0-4B1E-825F-1F32BE6B4E89}.Release|Any CPU.Build.0 = Release|Any CPU
		{C11F476B-0436-4946-8D68-48B1BE20E670}.Debug|Any CPU.ActiveCfg = Debug|Any CPU
		{C11F476B-0436-4946-8D68-48B1BE20E670}.Debug|Any CPU.Build.0 = Debug|Any CPU
		{C11F476B-0436-4946-8D68-48B1BE20E670}.Release|Any CPU.ActiveCfg = Release|Any CPU
		{C11F476B-0436-4946-8D68-48B1BE20E670}.Release|Any CPU.Build.0 = Release|Any CPU
		{0400590A-4130-49CB-999A-5C4F664E6C59}.Debug|Any CPU.ActiveCfg = Debug|Any CPU
		{0400590A-4130-49CB-999A-5C4F664E6C59}.Debug|Any CPU.Build.0 = Debug|Any CPU
		{0400590A-4130-49CB-999A-5C4F664E6C59}.Release|Any CPU.ActiveCfg = Release|Any CPU
		{0400590A-4130-49CB-999A-5C4F664E6C59}.Release|Any CPU.Build.0 = Release|Any CPU
		{55B5D407-99F0-490F-88B9-6343A8045F36}.Debug|Any CPU.ActiveCfg = Debug|Any CPU
		{55B5D407-99F0-490F-88B9-6343A8045F36}.Debug|Any CPU.Build.0 = Debug|Any CPU
		{55B5D407-99F0-490F-88B9-6343A8045F36}.Release|Any CPU.ActiveCfg = Release|Any CPU
		{55B5D407-99F0-490F-88B9-6343A8045F36}.Release|Any CPU.Build.0 = Release|Any CPU
		{8590507D-77AE-4F0D-A164-A1D9A44823C2}.Debug|Any CPU.ActiveCfg = Debug|Any CPU
		{8590507D-77AE-4F0D-A164-A1D9A44823C2}.Debug|Any CPU.Build.0 = Debug|Any CPU
		{8590507D-77AE-4F0D-A164-A1D9A44823C2}.Release|Any CPU.ActiveCfg = Release|Any CPU
		{8590507D-77AE-4F0D-A164-A1D9A44823C2}.Release|Any CPU.Build.0 = Release|Any CPU
		{B2ECF48F-E43F-4333-9EE0-9BC67B2D3265}.Debug|Any CPU.ActiveCfg = Debug|Any CPU
		{B2ECF48F-E43F-4333-9EE0-9BC67B2D3265}.Debug|Any CPU.Build.0 = Debug|Any CPU
		{B2ECF48F-E43F-4333-9EE0-9BC67B2D3265}.Release|Any CPU.ActiveCfg = Release|Any CPU
		{B2ECF48F-E43F-4333-9EE0-9BC67B2D3265}.Release|Any CPU.Build.0 = Release|Any CPU
		{01E3B96B-FBF2-40B3-8BF6-B2C63D004A62}.Debug|Any CPU.ActiveCfg = Debug|Any CPU
		{01E3B96B-FBF2-40B3-8BF6-B2C63D004A62}.Debug|Any CPU.Build.0 = Debug|Any CPU
		{01E3B96B-FBF2-40B3-8BF6-B2C63D004A62}.Release|Any CPU.ActiveCfg = Release|Any CPU
		{01E3B96B-FBF2-40B3-8BF6-B2C63D004A62}.Release|Any CPU.Build.0 = Release|Any CPU
		{E4FE0730-5953-47AB-B6A2-CD9CC89DEACC}.Debug|Any CPU.ActiveCfg = Debug|Any CPU
		{E4FE0730-5953-47AB-B6A2-CD9CC89DEACC}.Debug|Any CPU.Build.0 = Debug|Any CPU
		{E4FE0730-5953-47AB-B6A2-CD9CC89DEACC}.Release|Any CPU.ActiveCfg = Release|Any CPU
		{E4FE0730-5953-47AB-B6A2-CD9CC89DEACC}.Release|Any CPU.Build.0 = Release|Any CPU
		{24CDDE4A-21B0-4868-AD2C-E87ED7BD7EF6}.Debug|Any CPU.ActiveCfg = Debug|Any CPU
		{24CDDE4A-21B0-4868-AD2C-E87ED7BD7EF6}.Debug|Any CPU.Build.0 = Debug|Any CPU
		{24CDDE4A-21B0-4868-AD2C-E87ED7BD7EF6}.Release|Any CPU.ActiveCfg = Release|Any CPU
		{24CDDE4A-21B0-4868-AD2C-E87ED7BD7EF6}.Release|Any CPU.Build.0 = Release|Any CPU
		{EBCF3701-4ED6-4237-BCCB-D5A97CC11372}.Debug|Any CPU.ActiveCfg = Debug|Any CPU
		{EBCF3701-4ED6-4237-BCCB-D5A97CC11372}.Debug|Any CPU.Build.0 = Debug|Any CPU
		{EBCF3701-4ED6-4237-BCCB-D5A97CC11372}.Release|Any CPU.ActiveCfg = Release|Any CPU
		{EBCF3701-4ED6-4237-BCCB-D5A97CC11372}.Release|Any CPU.Build.0 = Release|Any CPU
		{D143C95F-E8B5-4CE3-8E31-4A97D3BD8514}.Debug|Any CPU.ActiveCfg = Debug|Any CPU
		{D143C95F-E8B5-4CE3-8E31-4A97D3BD8514}.Debug|Any CPU.Build.0 = Debug|Any CPU
		{D143C95F-E8B5-4CE3-8E31-4A97D3BD8514}.Release|Any CPU.ActiveCfg = Release|Any CPU
		{D143C95F-E8B5-4CE3-8E31-4A97D3BD8514}.Release|Any CPU.Build.0 = Release|Any CPU
		{7CB2EB15-BC6B-4FB8-99D6-0B74531E1F74}.Debug|Any CPU.ActiveCfg = Debug|Any CPU
		{7CB2EB15-BC6B-4FB8-99D6-0B74531E1F74}.Debug|Any CPU.Build.0 = Debug|Any CPU
		{7CB2EB15-BC6B-4FB8-99D6-0B74531E1F74}.Release|Any CPU.ActiveCfg = Release|Any CPU
		{7CB2EB15-BC6B-4FB8-99D6-0B74531E1F74}.Release|Any CPU.Build.0 = Release|Any CPU
	EndGlobalSection
	GlobalSection(SolutionProperties) = preSolution
		HideSolutionNode = FALSE
	EndGlobalSection
	GlobalSection(NestedProjects) = preSolution
		{360C44E7-3EB8-410D-A4D0-30491D2F9984} = {412CB484-E6C6-49CC-B95C-833092340113}
		{9AB18D74-29AC-4B81-9324-3A4BC115B023} = {412CB484-E6C6-49CC-B95C-833092340113}
		{15027BF9-4996-4795-8EFD-7BDA4CAF523B} = {412CB484-E6C6-49CC-B95C-833092340113}
		{2A6CE0E2-CBC0-4B1E-825F-1F32BE6B4E89} = {0AAB30CE-175C-4E26-8BCF-6A65DD9ED72B}
		{C11F476B-0436-4946-8D68-48B1BE20E670} = {0AAB30CE-175C-4E26-8BCF-6A65DD9ED72B}
		{0400590A-4130-49CB-999A-5C4F664E6C59} = {0AAB30CE-175C-4E26-8BCF-6A65DD9ED72B}
		{55B5D407-99F0-490F-88B9-6343A8045F36} = {575BECB7-379C-4F62-9A57-33645940864D}
		{8590507D-77AE-4F0D-A164-A1D9A44823C2} = {575BECB7-379C-4F62-9A57-33645940864D}
		{B2ECF48F-E43F-4333-9EE0-9BC67B2D3265} = {575BECB7-379C-4F62-9A57-33645940864D}
		{01E3B96B-FBF2-40B3-8BF6-B2C63D004A62} = {C5EBF5A5-8054-4A68-B405-62B4E2AB05E3}
		{E4FE0730-5953-47AB-B6A2-CD9CC89DEACC} = {C5EBF5A5-8054-4A68-B405-62B4E2AB05E3}
		{24CDDE4A-21B0-4868-AD2C-E87ED7BD7EF6} = {C5EBF5A5-8054-4A68-B405-62B4E2AB05E3}
		{EBCF3701-4ED6-4237-BCCB-D5A97CC11372} = {604C18C7-8801-473E-A592-4A4BF2012261}
		{D143C95F-E8B5-4CE3-8E31-4A97D3BD8514} = {604C18C7-8801-473E-A592-4A4BF2012261}
		{7CB2EB15-BC6B-4FB8-99D6-0B74531E1F74} = {604C18C7-8801-473E-A592-4A4BF2012261}
	EndGlobalSection
	GlobalSection(ExtensibilityGlobals) = postSolution
		SolutionGuid = {5F7DA531-57A0-4927-9A33-68FA8FCB2CA2}
	EndGlobalSection
EndGlobal
